
Microsoft Visual Studio Solution File, Format Version 12.00
# Visual Studio Version 16
VisualStudioVersion = 16.0.29102.190
MinimumVisualStudioVersion = 10.0.40219.1
Project("{FAE04EC0-301F-11D3-BF4B-00C04F79EFBC}") = "Tanulo-kviz", "Tanulo-kviz.csproj", "{E6F1C1E6-C9F8-4798-834F-A6DE0FA3BFA9}"
EndProject
Global
	GlobalSection(SolutionConfigurationPlatforms) = preSolution
		Debug|Any CPU = Debug|Any CPU
		Release|Any CPU = Release|Any CPU
	EndGlobalSection
	GlobalSection(ProjectConfigurationPlatforms) = postSolution
		{E6F1C1E6-C9F8-4798-834F-A6DE0FA3BFA9}.Debug|Any CPU.ActiveCfg = Debug|Any CPU
		{E6F1C1E6-C9F8-4798-834F-A6DE0FA3BFA9}.Debug|Any CPU.Build.0 = Debug|Any CPU
		{E6F1C1E6-C9F8-4798-834F-A6DE0FA3BFA9}.Release|Any CPU.ActiveCfg = Release|Any CPU
		{E6F1C1E6-C9F8-4798-834F-A6DE0FA3BFA9}.Release|Any CPU.Build.0 = Release|Any CPU
	EndGlobalSection
	GlobalSection(SolutionProperties) = preSolution
		HideSolutionNode = FALSE
	EndGlobalSection
	GlobalSection(ExtensibilityGlobals) = postSolution
		SolutionGuid = {170E0B54-5287-415C-8208-04532A9F48B2}
	EndGlobalSection
EndGlobal
